
Microsoft Visual Studio Solution File, Format Version 12.00
# Visual Studio Version 17
VisualStudioVersion = 17.0.31919.166
MinimumVisualStudioVersion = 10.0.40219.1
Project("{9A19103F-16F7-4668-BE54-9A1E7A4F7556}") = "Cerberus.Dashboard.Api", "Cerberus.Dashboard.Api\Cerberus.Dashboard.Api.csproj", "{D82C7ED6-B343-4FF8-A747-AC93434511F0}"
EndProject
Project("{2150E333-8FDC-42A3-9474-1A3956D46DE8}") = "Core", "Core", "{0C0E3604-EA1C-41D9-9F7E-ECB07BD7A2EB}"
EndProject
Project("{2150E333-8FDC-42A3-9474-1A3956D46DE8}") = "Infrastructure", "Infrastructure", "{117D3F9B-D01D-4C65-9E03-6687ABFDE6BE}"
EndProject
Project("{2150E333-8FDC-42A3-9474-1A3956D46DE8}") = "Presentation", "Presentation", "{F1D85A22-498D-46FA-9EEF-9265E8007DF5}"
EndProject
Project("{9A19103F-16F7-4668-BE54-9A1E7A4F7556}") = "Cerberus.Dashboard.Domain", "Cerberus.Dashboard.Domain\Cerberus.Dashboard.Domain.csproj", "{F687CCAB-DB7C-4337-B2E4-21C9D80479F6}"
EndProject
Project("{9A19103F-16F7-4668-BE54-9A1E7A4F7556}") = "Cerberus.Dashboard.Application", "Cerberus.Dashboard.Application\Cerberus.Dashboard.Application.csproj", "{8A3BF3AB-DD71-4F2A-8AEF-A3E2CB26E548}"
EndProject
Global
	GlobalSection(SolutionConfigurationPlatforms) = preSolution
		Debug|Any CPU = Debug|Any CPU
		Release|Any CPU = Release|Any CPU
	EndGlobalSection
	GlobalSection(ProjectConfigurationPlatforms) = postSolution
		{D82C7ED6-B343-4FF8-A747-AC93434511F0}.Debug|Any CPU.ActiveCfg = Debug|Any CPU
		{D82C7ED6-B343-4FF8-A747-AC93434511F0}.Debug|Any CPU.Build.0 = Debug|Any CPU
		{D82C7ED6-B343-4FF8-A747-AC93434511F0}.Release|Any CPU.ActiveCfg = Release|Any CPU
		{D82C7ED6-B343-4FF8-A747-AC93434511F0}.Release|Any CPU.Build.0 = Release|Any CPU
		{F687CCAB-DB7C-4337-B2E4-21C9D80479F6}.Debug|Any CPU.ActiveCfg = Debug|Any CPU
		{F687CCAB-DB7C-4337-B2E4-21C9D80479F6}.Debug|Any CPU.Build.0 = Debug|Any CPU
		{F687CCAB-DB7C-4337-B2E4-21C9D80479F6}.Release|Any CPU.ActiveCfg = Release|Any CPU
		{F687CCAB-DB7C-4337-B2E4-21C9D80479F6}.Release|Any CPU.Build.0 = Release|Any CPU
		{8A3BF3AB-DD71-4F2A-8AEF-A3E2CB26E548}.Debug|Any CPU.ActiveCfg = Debug|Any CPU
		{8A3BF3AB-DD71-4F2A-8AEF-A3E2CB26E548}.Debug|Any CPU.Build.0 = Debug|Any CPU
		{8A3BF3AB-DD71-4F2A-8AEF-A3E2CB26E548}.Release|Any CPU.ActiveCfg = Release|Any CPU
		{8A3BF3AB-DD71-4F2A-8AEF-A3E2CB26E548}.Release|Any CPU.Build.0 = Release|Any CPU
	EndGlobalSection
	GlobalSection(SolutionProperties) = preSolution
		HideSolutionNode = FALSE
	EndGlobalSection
	GlobalSection(NestedProjects) = preSolution
		{F687CCAB-DB7C-4337-B2E4-21C9D80479F6} = {0C0E3604-EA1C-41D9-9F7E-ECB07BD7A2EB}
		{8A3BF3AB-DD71-4F2A-8AEF-A3E2CB26E548} = {0C0E3604-EA1C-41D9-9F7E-ECB07BD7A2EB}
	EndGlobalSection
	GlobalSection(ExtensibilityGlobals) = postSolution
		SolutionGuid = {0315141A-3647-428E-AE42-C037A02B7BB5}
	EndGlobalSection
EndGlobal
